
Microsoft Visual Studio Solution File, Format Version 12.00
# Visual Studio 14
VisualStudioVersion = 14.0.25420.1
MinimumVisualStudioVersion = 10.0.40219.1
Project("{FAE04EC0-301F-11D3-BF4B-00C04F79EFBC}") = "WebMauGiao", "WebMauGiao\WebMauGiao.csproj", "{033841C8-ACE6-412E-A1E4-CE4403DAA980}"
EndProject
Project("{FAE04EC0-301F-11D3-BF4B-00C04F79EFBC}") = "WebMauGiao.Service", "WebMauGiao.Service\WebMauGiao.Service.csproj", "{C0265FF2-1F70-47EB-8A2A-25DD613B1C66}"
EndProject
Global
	GlobalSection(SolutionConfigurationPlatforms) = preSolution
		Debug|Any CPU = Debug|Any CPU
		Release|Any CPU = Release|Any CPU
	EndGlobalSection
	GlobalSection(ProjectConfigurationPlatforms) = postSolution
		{033841C8-ACE6-412E-A1E4-CE4403DAA980}.Debug|Any CPU.ActiveCfg = Debug|Any CPU
		{033841C8-ACE6-412E-A1E4-CE4403DAA980}.Debug|Any CPU.Build.0 = Debug|Any CPU
		{033841C8-ACE6-412E-A1E4-CE4403DAA980}.Release|Any CPU.ActiveCfg = Release|Any CPU
		{033841C8-ACE6-412E-A1E4-CE4403DAA980}.Release|Any CPU.Build.0 = Release|Any CPU
		{C0265FF2-1F70-47EB-8A2A-25DD613B1C66}.Debug|Any CPU.ActiveCfg = Debug|Any CPU
		{C0265FF2-1F70-47EB-8A2A-25DD613B1C66}.Debug|Any CPU.Build.0 = Debug|Any CPU
		{C0265FF2-1F70-47EB-8A2A-25DD613B1C66}.Release|Any CPU.ActiveCfg = Release|Any CPU
		{C0265FF2-1F70-47EB-8A2A-25DD613B1C66}.Release|Any CPU.Build.0 = Release|Any CPU
	EndGlobalSection
	GlobalSection(SolutionProperties) = preSolution
		HideSolutionNode = FALSE
	EndGlobalSection
EndGlobal
